
Microsoft Visual Studio Solution File, Format Version 12.00
# Visual Studio Version 17
VisualStudioVersion = 17.9.34616.47
MinimumVisualStudioVersion = 10.0.40219.1
Project("{FAE04EC0-301F-11D3-BF4B-00C04F79EFBC}") = "ProyectSoftware.Web", "ProyectSoftware.Web\ProyectSoftware.Web.csproj", "{30DC0940-7AF6-4283-B972-4D5F20CBF6B9}"
EndProject
Global
	GlobalSection(SolutionConfigurationPlatforms) = preSolution
		Debug|Any CPU = Debug|Any CPU
		Release|Any CPU = Release|Any CPU
	EndGlobalSection
	GlobalSection(ProjectConfigurationPlatforms) = postSolution
		{30DC0940-7AF6-4283-B972-4D5F20CBF6B9}.Debug|Any CPU.ActiveCfg = Debug|Any CPU
		{30DC0940-7AF6-4283-B972-4D5F20CBF6B9}.Debug|Any CPU.Build.0 = Debug|Any CPU
		{30DC0940-7AF6-4283-B972-4D5F20CBF6B9}.Release|Any CPU.ActiveCfg = Release|Any CPU
		{30DC0940-7AF6-4283-B972-4D5F20CBF6B9}.Release|Any CPU.Build.0 = Release|Any CPU
	EndGlobalSection
	GlobalSection(SolutionProperties) = preSolution
		HideSolutionNode = FALSE
	EndGlobalSection
	GlobalSection(ExtensibilityGlobals) = postSolution
		SolutionGuid = {6DBDB5BD-9A7D-4F37-8221-54F0E64E5CB5}
	EndGlobalSection
EndGlobal
